
Microsoft Visual Studio Solution File, Format Version 12.00
# Visual Studio Version 17
VisualStudioVersion = 17.12.35707.178
MinimumVisualStudioVersion = 10.0.40219.1
Project("{FAE04EC0-301F-11D3-BF4B-00C04F79EFBC}") = "MovieRental", "MovieRental\MovieRental.csproj", "{CBD8B421-2A59-4125-A992-F4F5B1FC0D3F}"
EndProject
Project("{FAE04EC0-301F-11D3-BF4B-00C04F79EFBC}") = "MovieRental.Test.Unit", "MovieRental.Test.Unit\MovieRental.Test.Unit.csproj", "{45FC896C-CB4A-4314-8D22-9D86D9D9FC59}"
EndProject
Project("{FAE04EC0-301F-11D3-BF4B-00C04F79EFBC}") = "MovieRental.WPF", "MovieRental.WPF\MovieRental.WPF.csproj", "{F7CC03AE-FB38-4D46-B642-9A0B73158092}"
EndProject
Global
	GlobalSection(SolutionConfigurationPlatforms) = preSolution
		Debug|Any CPU = Debug|Any CPU
		Release|Any CPU = Release|Any CPU
	EndGlobalSection
	GlobalSection(ProjectConfigurationPlatforms) = postSolution
		{CBD8B421-2A59-4125-A992-F4F5B1FC0D3F}.Debug|Any CPU.ActiveCfg = Debug|Any CPU
		{CBD8B421-2A59-4125-A992-F4F5B1FC0D3F}.Debug|Any CPU.Build.0 = Debug|Any CPU
		{CBD8B421-2A59-4125-A992-F4F5B1FC0D3F}.Release|Any CPU.ActiveCfg = Release|Any CPU
		{CBD8B421-2A59-4125-A992-F4F5B1FC0D3F}.Release|Any CPU.Build.0 = Release|Any CPU
		{45FC896C-CB4A-4314-8D22-9D86D9D9FC59}.Debug|Any CPU.ActiveCfg = Debug|Any CPU
		{45FC896C-CB4A-4314-8D22-9D86D9D9FC59}.Debug|Any CPU.Build.0 = Debug|Any CPU
		{45FC896C-CB4A-4314-8D22-9D86D9D9FC59}.Release|Any CPU.ActiveCfg = Release|Any CPU
		{45FC896C-CB4A-4314-8D22-9D86D9D9FC59}.Release|Any CPU.Build.0 = Release|Any CPU
		{F7CC03AE-FB38-4D46-B642-9A0B73158092}.Debug|Any CPU.ActiveCfg = Debug|Any CPU
		{F7CC03AE-FB38-4D46-B642-9A0B73158092}.Debug|Any CPU.Build.0 = Debug|Any CPU
		{F7CC03AE-FB38-4D46-B642-9A0B73158092}.Release|Any CPU.ActiveCfg = Release|Any CPU
		{F7CC03AE-FB38-4D46-B642-9A0B73158092}.Release|Any CPU.Build.0 = Release|Any CPU
	EndGlobalSection
	GlobalSection(SolutionProperties) = preSolution
		HideSolutionNode = FALSE
	EndGlobalSection
	GlobalSection(ExtensibilityGlobals) = postSolution
		SolutionGuid = {AB593BAE-0938-4603-8106-45773477E826}
	EndGlobalSection
EndGlobal
